{
  "name": "@browserid-ng/fastify",
  "version": "0.2.1",
  "lockfileVersion": 3,
  "requires": true,
  "packages": {
    "": {
      "name": "@browserid-ng/fastify",
      "version": "0.2.1",
      "license": "MPL-2.0",
      "dependencies": {
        "@browserid-ng/verify": "file:../js"
      },
      "engines": {
        "node": ">=18"
      },
      "peerDependencies": {
        "fastify": ">=4"
      },
      "peerDependenciesMeta": {
        "fastify": {
          "optional": true
        }
      }
    },
    "../js": {
      "name": "@browserid-ng/verify",
      "version": "0.2.0",
      "license": "MPL-2.0",
      "engines": {
        "node": ">=18"
      }
    },
    "node_modules/@browserid-ng/verify": {
      "resolved": "../js",
      "link": true
    }
  }
}
